
Microsoft Visual Studio Solution File, Format Version 12.00
# Visual Studio Version 16
VisualStudioVersion = 16.0.30320.27
MinimumVisualStudioVersion = 10.0.40219.1
Project("{9A19103F-16F7-4668-BE54-9A1E7A4F7556}") = "EzGame.Domain.Core", "EzGame.Domain.Core\EzGame.Domain.Core.csproj", "{B4E3A3C9-D18C-41B9-A29E-B4CF91CAE16D}"
EndProject
Project("{9A19103F-16F7-4668-BE54-9A1E7A4F7556}") = "EzGame.Domain", "EzGame.Domain\EzGame.Domain.csproj", "{2FD35A4E-E755-473C-8F13-09E6023ABA23}"
EndProject
Project("{9A19103F-16F7-4668-BE54-9A1E7A4F7556}") = "EzGame.Data", "EzGame.Data\EzGame.Data.csproj", "{E18BD4E0-FF7F-459D-8C2A-FAD7F5F790A7}"
EndProject
Project("{9A19103F-16F7-4668-BE54-9A1E7A4F7556}") = "EzGame.Services", "EzGame.Services\EzGame.Services.csproj", "{31CE4724-3171-4164-AD76-ABD03F9704E1}"
EndProject
Project("{9A19103F-16F7-4668-BE54-9A1E7A4F7556}") = "EzGame.IOC", "EzGame.IOC\EzGame.IOC.csproj", "{02B8354F-D69C-48CF-9779-F5969C8DDEDD}"
EndProject
Project("{9A19103F-16F7-4668-BE54-9A1E7A4F7556}") = "EzGame.WebApp.Test", "EzGame.WebApp.Test\EzGame.WebApp.Test.csproj", "{5A2C8AD5-C3A5-452D-A4CF-F2A9CE01C2B2}"
EndProject
Project("{2150E333-8FDC-42A3-9474-1A3956D46DE8}") = "docs", "docs", "{25F725E1-FDEF-4FC1-895E-C3AC2A798282}"
EndProject
Project("{2150E333-8FDC-42A3-9474-1A3956D46DE8}") = "src", "src", "{6CDA2BAB-C044-41E2-BF36-7113A3F5563B}"
EndProject
Project("{2150E333-8FDC-42A3-9474-1A3956D46DE8}") = "tests", "tests", "{5E6F0448-D673-4430-80D4-51063E1A51CA}"
EndProject
Project("{2150E333-8FDC-42A3-9474-1A3956D46DE8}") = "DD", "DD", "{F3D16C3B-6E07-4EC3-B159-026B1927FA5F}"
EndProject
Project("{2150E333-8FDC-42A3-9474-1A3956D46DE8}") = "Infrastructure", "Infrastructure", "{36B1838B-0D83-4382-A225-6AA84BEE7A08}"
EndProject
Project("{2150E333-8FDC-42A3-9474-1A3956D46DE8}") = "EndPoints", "EndPoints", "{046E6374-A840-4123-904F-9C19C6C490FF}"
EndProject
Project("{FAE04EC0-301F-11D3-BF4B-00C04F79EFBC}") = "EzGame.WebApp", "EzGame.WebApp\EzGame.WebApp.csproj", "{CA469865-5365-4C0A-BB18-C7CEE775F38B}"
EndProject
Project("{FAE04EC0-301F-11D3-BF4B-00C04F79EFBC}") = "EzGame.Common", "EzGame.Common\EzGame.Common.csproj", "{4664DF91-00AF-47E9-A486-D8947008D74D}"
EndProject
Global
	GlobalSection(SolutionConfigurationPlatforms) = preSolution
		Debug|Any CPU = Debug|Any CPU
		Release|Any CPU = Release|Any CPU
	EndGlobalSection
	GlobalSection(ProjectConfigurationPlatforms) = postSolution
		{B4E3A3C9-D18C-41B9-A29E-B4CF91CAE16D}.Debug|Any CPU.ActiveCfg = Debug|Any CPU
		{B4E3A3C9-D18C-41B9-A29E-B4CF91CAE16D}.Debug|Any CPU.Build.0 = Debug|Any CPU
		{B4E3A3C9-D18C-41B9-A29E-B4CF91CAE16D}.Release|Any CPU.ActiveCfg = Release|Any CPU
		{B4E3A3C9-D18C-41B9-A29E-B4CF91CAE16D}.Release|Any CPU.Build.0 = Release|Any CPU
		{2FD35A4E-E755-473C-8F13-09E6023ABA23}.Debug|Any CPU.ActiveCfg = Debug|Any CPU
		{2FD35A4E-E755-473C-8F13-09E6023ABA23}.Debug|Any CPU.Build.0 = Debug|Any CPU
		{2FD35A4E-E755-473C-8F13-09E6023ABA23}.Release|Any CPU.ActiveCfg = Release|Any CPU
		{2FD35A4E-E755-473C-8F13-09E6023ABA23}.Release|Any CPU.Build.0 = Release|Any CPU
		{E18BD4E0-FF7F-459D-8C2A-FAD7F5F790A7}.Debug|Any CPU.ActiveCfg = Debug|Any CPU
		{E18BD4E0-FF7F-459D-8C2A-FAD7F5F790A7}.Debug|Any CPU.Build.0 = Debug|Any CPU
		{E18BD4E0-FF7F-459D-8C2A-FAD7F5F790A7}.Release|Any CPU.ActiveCfg = Release|Any CPU
		{E18BD4E0-FF7F-459D-8C2A-FAD7F5F790A7}.Release|Any CPU.Build.0 = Release|Any CPU
		{31CE4724-3171-4164-AD76-ABD03F9704E1}.Debug|Any CPU.ActiveCfg = Debug|Any CPU
		{31CE4724-3171-4164-AD76-ABD03F9704E1}.Debug|Any CPU.Build.0 = Debug|Any CPU
		{31CE4724-3171-4164-AD76-ABD03F9704E1}.Release|Any CPU.ActiveCfg = Release|Any CPU
		{31CE4724-3171-4164-AD76-ABD03F9704E1}.Release|Any CPU.Build.0 = Release|Any CPU
		{02B8354F-D69C-48CF-9779-F5969C8DDEDD}.Debug|Any CPU.ActiveCfg = Debug|Any CPU
		{02B8354F-D69C-48CF-9779-F5969C8DDEDD}.Debug|Any CPU.Build.0 = Debug|Any CPU
		{02B8354F-D69C-48CF-9779-F5969C8DDEDD}.Release|Any CPU.ActiveCfg = Release|Any CPU
		{02B8354F-D69C-48CF-9779-F5969C8DDEDD}.Release|Any CPU.Build.0 = Release|Any CPU
		{5A2C8AD5-C3A5-452D-A4CF-F2A9CE01C2B2}.Debug|Any CPU.ActiveCfg = Debug|Any CPU
		{5A2C8AD5-C3A5-452D-A4CF-F2A9CE01C2B2}.Debug|Any CPU.Build.0 = Debug|Any CPU
		{5A2C8AD5-C3A5-452D-A4CF-F2A9CE01C2B2}.Release|Any CPU.ActiveCfg = Release|Any CPU
		{5A2C8AD5-C3A5-452D-A4CF-F2A9CE01C2B2}.Release|Any CPU.Build.0 = Release|Any CPU
		{CA469865-5365-4C0A-BB18-C7CEE775F38B}.Debug|Any CPU.ActiveCfg = Debug|Any CPU
		{CA469865-5365-4C0A-BB18-C7CEE775F38B}.Debug|Any CPU.Build.0 = Debug|Any CPU
		{CA469865-5365-4C0A-BB18-C7CEE775F38B}.Release|Any CPU.ActiveCfg = Release|Any CPU
		{CA469865-5365-4C0A-BB18-C7CEE775F38B}.Release|Any CPU.Build.0 = Release|Any CPU
		{4664DF91-00AF-47E9-A486-D8947008D74D}.Debug|Any CPU.ActiveCfg = Debug|Any CPU
		{4664DF91-00AF-47E9-A486-D8947008D74D}.Debug|Any CPU.Build.0 = Debug|Any CPU
		{4664DF91-00AF-47E9-A486-D8947008D74D}.Release|Any CPU.ActiveCfg = Release|Any CPU
		{4664DF91-00AF-47E9-A486-D8947008D74D}.Release|Any CPU.Build.0 = Release|Any CPU
	EndGlobalSection
	GlobalSection(SolutionProperties) = preSolution
		HideSolutionNode = FALSE
	EndGlobalSection
	GlobalSection(NestedProjects) = preSolution
		{B4E3A3C9-D18C-41B9-A29E-B4CF91CAE16D} = {F3D16C3B-6E07-4EC3-B159-026B1927FA5F}
		{2FD35A4E-E755-473C-8F13-09E6023ABA23} = {F3D16C3B-6E07-4EC3-B159-026B1927FA5F}
		{E18BD4E0-FF7F-459D-8C2A-FAD7F5F790A7} = {F3D16C3B-6E07-4EC3-B159-026B1927FA5F}
		{31CE4724-3171-4164-AD76-ABD03F9704E1} = {36B1838B-0D83-4382-A225-6AA84BEE7A08}
		{02B8354F-D69C-48CF-9779-F5969C8DDEDD} = {36B1838B-0D83-4382-A225-6AA84BEE7A08}
		{5A2C8AD5-C3A5-452D-A4CF-F2A9CE01C2B2} = {5E6F0448-D673-4430-80D4-51063E1A51CA}
		{F3D16C3B-6E07-4EC3-B159-026B1927FA5F} = {6CDA2BAB-C044-41E2-BF36-7113A3F5563B}
		{36B1838B-0D83-4382-A225-6AA84BEE7A08} = {6CDA2BAB-C044-41E2-BF36-7113A3F5563B}
		{046E6374-A840-4123-904F-9C19C6C490FF} = {6CDA2BAB-C044-41E2-BF36-7113A3F5563B}
		{CA469865-5365-4C0A-BB18-C7CEE775F38B} = {046E6374-A840-4123-904F-9C19C6C490FF}
		{4664DF91-00AF-47E9-A486-D8947008D74D} = {36B1838B-0D83-4382-A225-6AA84BEE7A08}
	EndGlobalSection
	GlobalSection(ExtensibilityGlobals) = postSolution
		SolutionGuid = {CD36438C-2CF4-4574-9B86-24BCCA10B754}
	EndGlobalSection
EndGlobal
